
Microsoft Visual Studio Solution File, Format Version 12.00
# Visual Studio 14
VisualStudioVersion = 14.0.25123.0
MinimumVisualStudioVersion = 10.0.40219.1
Project("{FAE04EC0-301F-11D3-BF4B-00C04F79EFBC}") = "ChartReporting.API", "ChartReporting.API\ChartReporting.API.csproj", "{D124BD88-77C8-4C41-B48F-C16E5C4C1E22}"
EndProject
Global
	GlobalSection(SolutionConfigurationPlatforms) = preSolution
		Debug|Any CPU = Debug|Any CPU
		Release|Any CPU = Release|Any CPU
	EndGlobalSection
	GlobalSection(ProjectConfigurationPlatforms) = postSolution
		{D124BD88-77C8-4C41-B48F-C16E5C4C1E22}.Debug|Any CPU.ActiveCfg = Debug|Any CPU
		{D124BD88-77C8-4C41-B48F-C16E5C4C1E22}.Debug|Any CPU.Build.0 = Debug|Any CPU
		{D124BD88-77C8-4C41-B48F-C16E5C4C1E22}.Release|Any CPU.ActiveCfg = Release|Any CPU
		{D124BD88-77C8-4C41-B48F-C16E5C4C1E22}.Release|Any CPU.Build.0 = Release|Any CPU
	EndGlobalSection
	GlobalSection(SolutionProperties) = preSolution
		HideSolutionNode = FALSE
	EndGlobalSection
EndGlobal
